<?xml version="1.0" encoding="utf-8"?>
<Project ToolsVersion="4.0" xmlns="http://schemas.microsoft.com/developer/msbuild/2003">
  <ItemGroup>
    <Filter Include="Source Files">
      <UniqueIdentifier>{4FC737F1-C7A5-4376-A066-2A32D752A2FF}</UniqueIdentifier>
      <Extensions>cpp;c;cc;cxx;def;odl;idl;hpj;bat;asm;asmx</Extensions>
    </Filter>
    <Filter Include="Header Files">
      <UniqueIdentifier>{93995380-89BD-4b04-88EB-625FBE52EBFB}</UniqueIdentifier>
      <Extensions>h;hh;hpp;hxx;hm;inl;inc;xsd</Extensions>
    </Filter>
    <Filter Include="Resource Files">
      <UniqueIdentifier>{67DA6AB6-F800-4c08-8B7A-83BB121AAD01}</UniqueIdentifier>
      <Extensions>rc;ico;cur;bmp;dlg;rc2;rct;bin;rgs;gif;jpg;jpeg;jpe;resx;tiff;tif;png;wav;mfcribbon-ms</Extensions>
    </Filter>
    <Filter Include="Resource Files\ICO">
      <UniqueIdentifier>{453aa140-877a-4275-861c-864d40dd88d2}</UniqueIdentifier>
    </Filter>
  </ItemGroup>
  <ItemGroup>
    <Text Include="ReadMe.txt" />
  </ItemGroup>
  <ItemGroup>
    <ClInclude Include="stdafx.h">
      <Filter>Header Files</Filter>
    </ClInclude>
    <ClInclude Include="targetver.h">
      <Filter>Header Files</Filter>
    </ClInclude>
    <ClInclude Include="Resource.h">
      <Filter>Header Files</Filter>
    </ClInclude>
    <ClInclude Include="My Explorer.h">
      <Filter>Header Files</Filter>
    </ClInclude>
    <ClInclude Include="RibbonIDs.h">
      <Filter>Header Files</Filter>
    </ClInclude>
    <ClInclude Include="CommandHandler.h">
      <Filter>Header Files</Filter>
    </ClInclude>
    <ClInclude Include="RibbonFramework.h">
      <Filter>Header Files</Filter>
    </ClInclude>
    <ClInclude Include="Application.h">
      <Filter>Header Files</Filter>
    </ClInclude>
  </ItemGroup>
  <ItemGroup>
    <ClCompile Include="stdafx.cpp">
      <Filter>Source Files</Filter>
    </ClCompile>
    <ClCompile Include="My Explorer.cpp">
      <Filter>Source Files</Filter>
    </ClCompile>
    <ClCompile Include="RibbonFramework.cpp">
      <Filter>Source Files</Filter>
    </ClCompile>
    <ClCompile Include="Application.cpp">
      <Filter>Source Files</Filter>
    </ClCompile>
  </ItemGroup>
  <ItemGroup>
    <ResourceCompile Include="My Explorer.rc">
      <Filter>Resource Files</Filter>
    </ResourceCompile>
    <ResourceCompile Include="Ribbon.rc">
      <Filter>Resource Files</Filter>
    </ResourceCompile>
  </ItemGroup>
  <ItemGroup>
    <Image Include="My Explorer.ico">
      <Filter>Resource Files\ICO</Filter>
    </Image>
    <Image Include="small.ico">
      <Filter>Resource Files\ICO</Filter>
    </Image>
    <Image Include="folder-icon_closed.ico">
      <Filter>Resource Files\ICO</Filter>
    </Image>
    <Image Include="folder-icon_open.ico">
      <Filter>Resource Files\ICO</Filter>
    </Image>
    <Image Include="file-icon.ico">
      <Filter>Resource Files\ICO</Filter>
    </Image>
    <Image Include="ICON\Drives-A-Metro.ico">
      <Filter>Resource Files\ICO</Filter>
    </Image>
    <Image Include="ICON\Drives-B-Metro.ico">
      <Filter>Resource Files\ICO</Filter>
    </Image>
    <Image Include="ICON\Drives-CD-alt-Metro.ico">
      <Filter>Resource Files\ICO</Filter>
    </Image>
    <Image Include="ICON\Drives-C-Metro.ico">
      <Filter>Resource Files\ICO</Filter>
    </Image>
    <Image Include="ICON\Drives-Computer-alt-1-Metro.ico">
      <Filter>Resource Files\ICO</Filter>
    </Image>
    <Image Include="ICON\Drives-D-Metro.ico">
      <Filter>Resource Files\ICO</Filter>
    </Image>
    <Image Include="ICON\Drives-E-Metro.ico">
      <Filter>Resource Files\ICO</Filter>
    </Image>
    <Image Include="ICON\Drives-F-Metro.ico">
      <Filter>Resource Files\ICO</Filter>
    </Image>
    <Image Include="ICON\Drives-G-Metro.ico">
      <Filter>Resource Files\ICO</Filter>
    </Image>
    <Image Include="ICON\Drives-H-Metro.ico">
      <Filter>Resource Files\ICO</Filter>
    </Image>
    <Image Include="ICON\Drives-I-Metro.ico">
      <Filter>Resource Files\ICO</Filter>
    </Image>
    <Image Include="ICON\Drives-J-Metro.ico">
      <Filter>Resource Files\ICO</Filter>
    </Image>
    <Image Include="ICON\Drives-K-Metro.ico">
      <Filter>Resource Files\ICO</Filter>
    </Image>
    <Image Include="ICON\Drives-L-Metro.ico">
      <Filter>Resource Files\ICO</Filter>
    </Image>
    <Image Include="ICON\Drives-M-Metro.ico">
      <Filter>Resource Files\ICO</Filter>
    </Image>
    <Image Include="ICON\Drives-N-Metro.ico">
      <Filter>Resource Files\ICO</Filter>
    </Image>
    <Image Include="ICON\Drives-O-Metro.ico">
      <Filter>Resource Files\ICO</Filter>
    </Image>
    <Image Include="ICON\Drives-P-Metro.ico">
      <Filter>Resource Files\ICO</Filter>
    </Image>
    <Image Include="ICON\Drives-Q-Metro.ico">
      <Filter>Resource Files\ICO</Filter>
    </Image>
    <Image Include="ICON\Drives-R-Metro.ico">
      <Filter>Resource Files\ICO</Filter>
    </Image>
    <Image Include="ICON\Drives-S-Metro.ico">
      <Filter>Resource Files\ICO</Filter>
    </Image>
    <Image Include="ICON\Drives-T-Metro.ico">
      <Filter>Resource Files\ICO</Filter>
    </Image>
    <Image Include="ICON\Drives-U-Metro.ico">
      <Filter>Resource Files\ICO</Filter>
    </Image>
    <Image Include="ICON\Drives-USB-alt-1-Metro.ico">
      <Filter>Resource Files\ICO</Filter>
    </Image>
    <Image Include="ICON\Drives-V-Metro.ico">
      <Filter>Resource Files\ICO</Filter>
    </Image>
    <Image Include="ICON\Drives-W-Metro.ico">
      <Filter>Resource Files\ICO</Filter>
    </Image>
    <Image Include="ICON\Drives-X-Metro.ico">
      <Filter>Resource Files\ICO</Filter>
    </Image>
    <Image Include="ICON\Drives-Y-Metro.ico">
      <Filter>Resource Files\ICO</Filter>
    </Image>
    <Image Include="ICON\Drives-Z-Metro.ico">
      <Filter>Resource Files\ICO</Filter>
    </Image>
    <Image Include="ICON\File-Metro.ico">
      <Filter>Resource Files\ICO</Filter>
    </Image>
    <Image Include="folder-icon_collapsed.ico">
      <Filter>Resource Files\ICO</Filter>
    </Image>
    <Image Include="folder-icon_expanded.ico">
      <Filter>Resource Files\ICO</Filter>
    </Image>
    <Image Include="ICON\OS-Blank-Folder-Metro.ico">
      <Filter>Resource Files\ICO</Filter>
    </Image>
    <Image Include="ICON\Drives-Blank-Drive-Metro.ico">
      <Filter>Resource Files</Filter>
    </Image>
  </ItemGroup>
  <ItemGroup>
    <CustomBuild Include="Ribbon.xml">
      <Filter>Source Files</Filter>
    </CustomBuild>
  </ItemGroup>
  <ItemGroup>
    <None Include="Ribbon.bml" />
  </ItemGroup>
</Project>